
Microsoft Visual Studio Solution File, Format Version 12.00
# Visual Studio 2013
VisualStudioVersion = 12.0.40629.0
MinimumVisualStudioVersion = 10.0.40219.1
Project("{FAE04EC0-301F-11D3-BF4B-00C04F79EFBC}") = "AdditionalCoreHelper", "AdditionalCoreHelper\AdditionalCoreHelper.csproj", "{C5B099A6-D4EB-4394-923F-6AEEA7803C6F}"
EndProject
Project("{FAE04EC0-301F-11D3-BF4B-00C04F79EFBC}") = "AdditionalCoreHelper.Tests", "AdditionalCoreHelper.Tests\AdditionalCoreHelper.Tests.csproj", "{638ED9F9-F45F-447A-A683-13EB2B8F435A}"
EndProject
Global
	GlobalSection(SolutionConfigurationPlatforms) = preSolution
		Debug|Any CPU = Debug|Any CPU
		Release|Any CPU = Release|Any CPU
	EndGlobalSection
	GlobalSection(ProjectConfigurationPlatforms) = postSolution
		{C5B099A6-D4EB-4394-923F-6AEEA7803C6F}.Debug|Any CPU.ActiveCfg = Debug|Any CPU
		{C5B099A6-D4EB-4394-923F-6AEEA7803C6F}.Debug|Any CPU.Build.0 = Debug|Any CPU
		{C5B099A6-D4EB-4394-923F-6AEEA7803C6F}.Release|Any CPU.ActiveCfg = Release|Any CPU
		{C5B099A6-D4EB-4394-923F-6AEEA7803C6F}.Release|Any CPU.Build.0 = Release|Any CPU
		{638ED9F9-F45F-447A-A683-13EB2B8F435A}.Debug|Any CPU.ActiveCfg = Debug|Any CPU
		{638ED9F9-F45F-447A-A683-13EB2B8F435A}.Debug|Any CPU.Build.0 = Debug|Any CPU
		{638ED9F9-F45F-447A-A683-13EB2B8F435A}.Release|Any CPU.ActiveCfg = Release|Any CPU
		{638ED9F9-F45F-447A-A683-13EB2B8F435A}.Release|Any CPU.Build.0 = Release|Any CPU
	EndGlobalSection
	GlobalSection(SolutionProperties) = preSolution
		HideSolutionNode = FALSE
	EndGlobalSection
EndGlobal
